
Microsoft Visual Studio Solution File, Format Version 12.00
# Visual Studio Version 17
VisualStudioVersion = 17.0.31903.59
MinimumVisualStudioVersion = 10.0.40219.1
Project("{FAE04EC0-301F-11D3-BF4B-00C04F79EFBC}") = "Day01", "Day01\Day01.csproj", "{346CC1F0-CFDD-4231-875B-6F276660E31A}"
EndProject
Project("{FAE04EC0-301F-11D3-BF4B-00C04F79EFBC}") = "Day02", "Day02\Day02.csproj", "{E48ECB80-F291-422E-A41E-CB005AE4ACB3}"
EndProject
Project("{FAE04EC0-301F-11D3-BF4B-00C04F79EFBC}") = "Day03", "Day03\Day03.csproj", "{5437FDE9-75D3-435A-B794-D353A94244A1}"
EndProject
Project("{FAE04EC0-301F-11D3-BF4B-00C04F79EFBC}") = "Advent.Util", "Advent.Util\Advent.Util.csproj", "{92B16D36-D2FB-4C77-96B5-E7F0A195EA29}"
EndProject
Project("{FAE04EC0-301F-11D3-BF4B-00C04F79EFBC}") = "Day04", "Day04\Day04.csproj", "{AC393F60-CB02-4B62-9517-AF713329B95B}"
EndProject
Global
	GlobalSection(SolutionConfigurationPlatforms) = preSolution
		Debug|Any CPU = Debug|Any CPU
		Release|Any CPU = Release|Any CPU
	EndGlobalSection
	GlobalSection(SolutionProperties) = preSolution
		HideSolutionNode = FALSE
	EndGlobalSection
	GlobalSection(ProjectConfigurationPlatforms) = postSolution
		{346CC1F0-CFDD-4231-875B-6F276660E31A}.Debug|Any CPU.ActiveCfg = Debug|Any CPU
		{346CC1F0-CFDD-4231-875B-6F276660E31A}.Debug|Any CPU.Build.0 = Debug|Any CPU
		{346CC1F0-CFDD-4231-875B-6F276660E31A}.Release|Any CPU.ActiveCfg = Release|Any CPU
		{346CC1F0-CFDD-4231-875B-6F276660E31A}.Release|Any CPU.Build.0 = Release|Any CPU
		{E48ECB80-F291-422E-A41E-CB005AE4ACB3}.Debug|Any CPU.ActiveCfg = Debug|Any CPU
		{E48ECB80-F291-422E-A41E-CB005AE4ACB3}.Debug|Any CPU.Build.0 = Debug|Any CPU
		{E48ECB80-F291-422E-A41E-CB005AE4ACB3}.Release|Any CPU.ActiveCfg = Release|Any CPU
		{E48ECB80-F291-422E-A41E-CB005AE4ACB3}.Release|Any CPU.Build.0 = Release|Any CPU
		{5437FDE9-75D3-435A-B794-D353A94244A1}.Debug|Any CPU.ActiveCfg = Debug|Any CPU
		{5437FDE9-75D3-435A-B794-D353A94244A1}.Debug|Any CPU.Build.0 = Debug|Any CPU
		{5437FDE9-75D3-435A-B794-D353A94244A1}.Release|Any CPU.ActiveCfg = Release|Any CPU
		{5437FDE9-75D3-435A-B794-D353A94244A1}.Release|Any CPU.Build.0 = Release|Any CPU
		{92B16D36-D2FB-4C77-96B5-E7F0A195EA29}.Debug|Any CPU.ActiveCfg = Debug|Any CPU
		{92B16D36-D2FB-4C77-96B5-E7F0A195EA29}.Debug|Any CPU.Build.0 = Debug|Any CPU
		{92B16D36-D2FB-4C77-96B5-E7F0A195EA29}.Release|Any CPU.ActiveCfg = Release|Any CPU
		{92B16D36-D2FB-4C77-96B5-E7F0A195EA29}.Release|Any CPU.Build.0 = Release|Any CPU
		{AC393F60-CB02-4B62-9517-AF713329B95B}.Debug|Any CPU.ActiveCfg = Debug|Any CPU
		{AC393F60-CB02-4B62-9517-AF713329B95B}.Debug|Any CPU.Build.0 = Debug|Any CPU
		{AC393F60-CB02-4B62-9517-AF713329B95B}.Release|Any CPU.ActiveCfg = Release|Any CPU
		{AC393F60-CB02-4B62-9517-AF713329B95B}.Release|Any CPU.Build.0 = Release|Any CPU
	EndGlobalSection
EndGlobal
